
Microsoft Visual Studio Solution File, Format Version 12.00
# Visual Studio Version 16
VisualStudioVersion = 16.0.31129.286
MinimumVisualStudioVersion = 10.0.40219.1
Project("{FAE04EC0-301F-11D3-BF4B-00C04F79EFBC}") = "ControlWeb", "ControlWeb\ControlWeb.csproj", "{B4EA1034-9430-445C-97FA-230158CF1215}"
EndProject
Global
	GlobalSection(SolutionConfigurationPlatforms) = preSolution
		Debug|Any CPU = Debug|Any CPU
		Release|Any CPU = Release|Any CPU
	EndGlobalSection
	GlobalSection(ProjectConfigurationPlatforms) = postSolution
		{B4EA1034-9430-445C-97FA-230158CF1215}.Debug|Any CPU.ActiveCfg = Debug|Any CPU
		{B4EA1034-9430-445C-97FA-230158CF1215}.Debug|Any CPU.Build.0 = Debug|Any CPU
		{B4EA1034-9430-445C-97FA-230158CF1215}.Release|Any CPU.ActiveCfg = Release|Any CPU
		{B4EA1034-9430-445C-97FA-230158CF1215}.Release|Any CPU.Build.0 = Release|Any CPU
	EndGlobalSection
	GlobalSection(SolutionProperties) = preSolution
		HideSolutionNode = FALSE
	EndGlobalSection
	GlobalSection(ExtensibilityGlobals) = postSolution
		SolutionGuid = {9EA16C42-6387-430F-BD81-B9D6C931B15C}
	EndGlobalSection
EndGlobal
